// !$*UTF8*$!
{
	archiveVersion = 1;
	classes = {
	};
	objectVersion = 46;
	objects = {

/* Begin PBXBuildFile section */
		033E6FCC1AA2232800994FA6 /* bus.png in Resources */ = {isa = PBXBuildFile; fileRef = 033E6FCB1AA2232800994FA6 /* bus.png */; };
		033E6FCE1AA2241200994FA6 /* titulo.png in Resources */ = {isa = PBXBuildFile; fileRef = 033E6FCD1AA2241200994FA6 /* titulo.png */; };
		F19705EE1AA21777004D80BD /* AppDelegate.swift in Sources */ = {isa = PBXBuildFile; fileRef = F19705ED1AA21777004D80BD /* AppDelegate.swift */; };
		F19705F01AA21777004D80BD /* ViewController.swift in Sources */ = {isa = PBXBuildFile; fileRef = F19705EF1AA21777004D80BD /* ViewController.swift */; };
		F19705F31AA21777004D80BD /* Main.storyboard in Resources */ = {isa = PBXBuildFile; fileRef = F19705F11AA21777004D80BD /* Main.storyboard */; };
		F19705F51AA21777004D80BD /* Images.xcassets in Resources */ = {isa = PBXBuildFile; fileRef = F19705F41AA21777004D80BD /* Images.xcassets */; };
		F19705F81AA21777004D80BD /* LaunchScreen.xib in Resources */ = {isa = PBXBuildFile; fileRef = F19705F61AA21777004D80BD /* LaunchScreen.xib */; };
		F19706041AA21777004D80BD /* AppTiempoTests.swift in Sources */ = {isa = PBXBuildFile; fileRef = F19706031AA21777004D80BD /* AppTiempoTests.swift */; };
		F197060E1AA219F5004D80BD /* MapaViewController.swift in Sources */ = {isa = PBXBuildFile; fileRef = F197060D1AA219F5004D80BD /* MapaViewController.swift */; };
		F19706101AA21A43004D80BD /* MapKit.framework in Frameworks */ = {isa = PBXBuildFile; fileRef = F197060F1AA21A43004D80BD /* MapKit.framework */; };
/* End PBXBuildFile section */

/* Begin PBXContainerItemProxy section */
		F19705FE1AA21777004D80BD /* PBXContainerItemProxy */ = {
			isa = PBXContainerItemProxy;
			containerPortal = F19705E01AA21776004D80BD /* Project object */;
			proxyType = 1;
			remoteGlobalIDString = F19705E71AA21776004D80BD;
			remoteInfo = AppTiempo;
		};
/* End PBXContainerItemProxy section */

/* Begin PBXFileReference section */
		033E6FCB1AA2232800994FA6 /* bus.png */ = {isa = PBXFileReference; lastKnownFileType = image.png; path = bus.png; sourceTree = "<group>"; };
		033E6FCD1AA2241200994FA6 /* titulo.png */ = {isa = PBXFileReference; lastKnownFileType = image.png; path = titulo.png; sourceTree = "<group>"; };
		F19705E81AA21776004D80BD /* AppTiempo.app */ = {isa = PBXFileReference; explicitFileType = wrapper.application; includeInIndex = 0; path = AppTiempo.app; sourceTree = BUILT_PRODUCTS_DIR; };
		F19705EC1AA21777004D80BD /* Info.plist */ = {isa = PBXFileReference; lastKnownFileType = text.plist.xml; path = Info.plist; sourceTree = "<group>"; };
		F19705ED1AA21777004D80BD /* AppDelegate.swift */ = {isa = PBXFileReference; lastKnownFileType = sourcecode.swift; path = AppDelegate.swift; sourceTree = "<group>"; };
		F19705EF1AA21777004D80BD /* ViewController.swift */ = {isa = PBXFileReference; lastKnownFileType = sourcecode.swift; path = ViewController.swift; sourceTree = "<group>"; };
		F19705F21AA21777004D80BD /* Base */ = {isa = PBXFileReference; lastKnownFileType = file.storyboard; name = Base; path = Base.lproj/Main.storyboard; sourceTree = "<group>"; };
		F19705F41AA21777004D80BD /* Images.xcassets */ = {isa = PBXFileReference; lastKnownFileType = folder.assetcatalog; path = Images.xcassets; sourceTree = "<group>"; };
		F19705F71AA21777004D80BD /* Base */ = {isa = PBXFileReference; lastKnownFileType = file.xib; name = Base; path = Base.lproj/LaunchScreen.xib; sourceTree = "<group>"; };
		F19705FD1AA21777004D80BD /* AppTiempoTests.xctest */ = {isa = PBXFileReference; explicitFileType = wrapper.cfbundle; includeInIndex = 0; path = AppTiempoTests.xctest; sourceTree = BUILT_PRODUCTS_DIR; };
		F19706021AA21777004D80BD /* Info.plist */ = {isa = PBXFileReference; lastKnownFileType = text.plist.xml; path = Info.plist; sourceTree = "<group>"; };
		F19706031AA21777004D80BD /* AppTiempoTests.swift */ = {isa = PBXFileReference; lastKnownFileType = sourcecode.swift; path = AppTiempoTests.swift; sourceTree = "<group>"; };
		F197060D1AA219F5004D80BD /* MapaViewController.swift */ = {isa = PBXFileReference; fileEncoding = 4; lastKnownFileType = sourcecode.swift; path = MapaViewController.swift; sourceTree = "<group>"; };
		F197060F1AA21A43004D80BD /* MapKit.framework */ = {isa = PBXFileReference; lastKnownFileType = wrapper.framework; name = MapKit.framework; path = System/Library/Frameworks/MapKit.framework; sourceTree = SDKROOT; };
/* End PBXFileReference section */

/* Begin PBXFrameworksBuildPhase section */
		F19705E51AA21776004D80BD /* Frameworks */ = {
			isa = PBXFrameworksBuildPhase;
			buildActionMask = 2147483647;
			files = (
				F19706101AA21A43004D80BD /* MapKit.framework in Frameworks */,
			);
			runOnlyForDeploymentPostprocessing = 0;
		};
		F19705FA1AA21777004D80BD /* Frameworks */ = {
			isa = PBXFrameworksBuildPhase;
			buildActionMask = 2147483647;
			files = (
			);
			runOnlyForDeploymentPostprocessing = 0;
		};
/* End PBXFrameworksBuildPhase section */

/* Begin PBXGroup section */
		033E6FC81AA2219400994FA6 /* controller */ = {
			isa = PBXGroup;
			children = (
				F197060D1AA219F5004D80BD /* MapaViewController.swift */,
				F19705EF1AA21777004D80BD /* ViewController.swift */,
			);
			name = controller;
			sourceTree = "<group>";
		};
		033E6FC91AA2228100994FA6 /* view */ = {
			isa = PBXGroup;
			children = (
				F19705F11AA21777004D80BD /* Main.storyboard */,
			);
			name = view;
			sourceTree = "<group>";
		};
		033E6FCA1AA2231900994FA6 /* recursos */ = {
			isa = PBXGroup;
			children = (
				033E6FCD1AA2241200994FA6 /* titulo.png */,
				033E6FCB1AA2232800994FA6 /* bus.png */,
			);
			name = recursos;
			sourceTree = "<group>";
		};
		F19705DF1AA21776004D80BD = {
			isa = PBXGroup;
			children = (
				F197060F1AA21A43004D80BD /* MapKit.framework */,
				F19705EA1AA21776004D80BD /* AppTiempo */,
				F19706001AA21777004D80BD /* AppTiempoTests */,
				F19705E91AA21776004D80BD /* Products */,
			);
			sourceTree = "<group>";
		};
		F19705E91AA21776004D80BD /* Products */ = {
			isa = PBXGroup;
			children = (
				F19705E81AA21776004D80BD /* AppTiempo.app */,
				F19705FD1AA21777004D80BD /* AppTiempoTests.xctest */,
			);
			name = Products;
			sourceTree = "<group>";
		};
		F19705EA1AA21776004D80BD /* AppTiempo */ = {
			isa = PBXGroup;
			children = (
				033E6FCA1AA2231900994FA6 /* recursos */,
				033E6FC91AA2228100994FA6 /* view */,
				033E6FC81AA2219400994FA6 /* controller */,
				F19705ED1AA21777004D80BD /* AppDelegate.swift */,
				F19705F41AA21777004D80BD /* Images.xcassets */,
				F19705F61AA21777004D80BD /* LaunchScreen.xib */,
				F19705EB1AA21777004D80BD /* Supporting Files */,
			);
			path = AppTiempo;
			sourceTree = "<group>";
		};
		F19705EB1AA21777004D80BD /* Supporting Files */ = {
			isa = PBXGroup;
			children = (
				F19705EC1AA21777004D80BD /* Info.plist */,
			);
			name = "Supporting Files";
			sourceTree = "<group>";
		};
		F19706001AA21777004D80BD /* AppTiempoTests */ = {
			isa = PBXGroup;
			children = (
				F19706031AA21777004D80BD /* AppTiempoTests.swift */,
				F19706011AA21777004D80BD /* Supporting Files */,
			);
			path = AppTiempoTests;
			sourceTree = "<group>";
		};
		F19706011AA21777004D80BD /* Supporting Files */ = {
			isa = PBXGroup;
			children = (
				F19706021AA21777004D80BD /* Info.plist */,
			);
			name = "Supporting Files";
			sourceTree = "<group>";
		};
/* End PBXGroup section */

/* Begin PBXNativeTarget section */
		F19705E71AA21776004D80BD /* AppTiempo */ = {
			isa = PBXNativeTarget;
			buildConfigurationList = F19706071AA21777004D80BD /* Build configuration list for PBXNativeTarget "AppTiempo" */;
			buildPhases = (
				F19705E41AA21776004D80BD /* Sources */,
				F19705E51AA21776004D80BD /* Frameworks */,
				F19705E61AA21776004D80BD /* Resources */,
			);
			buildRules = (
			);
			dependencies = (
			);
			name = AppTiempo;
			productName = AppTiempo;
			productReference = F19705E81AA21776004D80BD /* AppTiempo.app */;
			productType = "com.apple.product-type.application";
		};
		F19705FC1AA21777004D80BD /* AppTiempoTests */ = {
			isa = PBXNativeTarget;
			buildConfigurationList = F197060A1AA21777004D80BD /* Build configuration list for PBXNativeTarget "AppTiempoTests" */;
			buildPhases = (
				F19705F91AA21777004D80BD /* Sources */,
				F19705FA1AA21777004D80BD /* Frameworks */,
				F19705FB1AA21777004D80BD /* Resources */,
			);
			buildRules = (
			);
			dependencies = (
				F19705FF1AA21777004D80BD /* PBXTargetDependency */,
			);
			name = AppTiempoTests;
			productName = AppTiempoTests;
			productReference = F19705FD1AA21777004D80BD /* AppTiempoTests.xctest */;
			productType = "com.apple.product-type.bundle.unit-test";
		};
/* End PBXNativeTarget section */

/* Begin PBXProject section */
		F19705E01AA21776004D80BD /* Project object */ = {
			isa = PBXProject;
			attributes = {
				LastUpgradeCheck = 0610;
				ORGANIZATIONNAME = "Alejandro Agudelo";
				TargetAttributes = {
					F19705E71AA21776004D80BD = {
						CreatedOnToolsVersion = 6.1.1;
						SystemCapabilities = {
							com.apple.Maps.iOS = {
								enabled = 1;
							};
						};
					};
					F19705FC1AA21777004D80BD = {
						CreatedOnToolsVersion = 6.1.1;
						TestTargetID = F19705E71AA21776004D80BD;
					};
				};
			};
			buildConfigurationList = F19705E31AA21776004D80BD /* Build configuration list for PBXProject "AppTiempo" */;
			compatibilityVersion = "Xcode 3.2";
			developmentRegion = English;
			hasScannedForEncodings = 0;
			knownRegions = (
				en,
				Base,
			);
			mainGroup = F19705DF1AA21776004D80BD;
			productRefGroup = F19705E91AA21776004D80BD /* Products */;
			projectDirPath = "";
			projectRoot = "";
			targets = (
				F19705E71AA21776004D80BD /* AppTiempo */,
				F19705FC1AA21777004D80BD /* AppTiempoTests */,
			);
		};
/* End PBXProject section */

/* Begin PBXResourcesBuildPhase section */
		F19705E61AA21776004D80BD /* Resources */ = {
			isa = PBXResourcesBuildPhase;
			buildActionMask = 2147483647;
			files = (
				033E6FCC1AA2232800994FA6 /* bus.png in Resources */,
				F19705F31AA21777004D80BD /* Main.storyboard in Resources */,
				F19705F81AA21777004D80BD /* LaunchScreen.xib in Resources */,
				033E6FCE1AA2241200994FA6 /* titulo.png in Resources */,
				F19705F51AA21777004D80BD /* Images.xcassets in Resources */,
			);
			runOnlyForDeploymentPostprocessing = 0;
		};
		F19705FB1AA21777004D80BD /* Resources */ = {
			isa = PBXResourcesBuildPhase;
			buildActionMask = 2147483647;
			files = (
			);
			runOnlyForDeploymentPostprocessing = 0;
		};
/* End PBXResourcesBuildPhase section */

/* Begin PBXSourcesBuildPhase section */
		F19705E41AA21776004D80BD /* Sources */ = {
			isa = PBXSourcesBuildPhase;
			buildActionMask = 2147483647;
			files = (
				F19705F01AA21777004D80BD /* ViewController.swift in Sources */,
				F197060E1AA219F5004D80BD /* MapaViewController.swift in Sources */,
				F19705EE1AA21777004D80BD /* AppDelegate.swift in Sources */,
			);
			runOnlyForDeploymentPostprocessing = 0;
		};
		F19705F91AA21777004D80BD /* Sources */ = {
			isa = PBXSourcesBuildPhase;
			buildActionMask = 2147483647;
			files = (
				F19706041AA21777004D80BD /* AppTiempoTests.swift in Sources */,
			);
			runOnlyForDeploymentPostprocessing = 0;
		};
/* End PBXSourcesBuildPhase section */

/* Begin PBXTargetDependency section */
		F19705FF1AA21777004D80BD /* PBXTargetDependency */ = {
			isa = PBXTargetDependency;
			target = F19705E71AA21776004D80BD /* AppTiempo */;
			targetProxy = F19705FE1AA21777004D80BD /* PBXContainerItemProxy */;
		};
/* End PBXTargetDependency section */

/* Begin PBXVariantGroup section */
		F19705F11AA21777004D80BD /* Main.storyboard */ = {
			isa = PBXVariantGroup;
			children = (
				F19705F21AA21777004D80BD /* Base */,
			);
			name = Main.storyboard;
			sourceTree = "<group>";
		};
		F19705F61AA21777004D80BD /* LaunchScreen.xib */ = {
			isa = PBXVariantGroup;
			children = (
				F19705F71AA21777004D80BD /* Base */,
			);
			name = LaunchScreen.xib;
			sourceTree = "<group>";
		};
/* End PBXVariantGroup section */

/* Begin XCBuildConfiguration section */
		F19706051AA21777004D80BD /* Debug */ = {
			isa = XCBuildConfiguration;
			buildSettings = {
				ALWAYS_SEARCH_USER_PATHS = NO;
				CLANG_CXX_LANGUAGE_STANDARD = "gnu++0x";
				CLANG_CXX_LIBRARY = "libc++";
				CLANG_ENABLE_MODULES = YES;
				CLANG_ENABLE_OBJC_ARC = YES;
				CLANG_WARN_BOOL_CONVERSION = YES;
				CLANG_WARN_CONSTANT_CONVERSION = YES;
				CLANG_WARN_DIRECT_OBJC_ISA_USAGE = YES_ERROR;
				CLANG_WARN_EMPTY_BODY = YES;
				CLANG_WARN_ENUM_CONVERSION = YES;
				CLANG_WARN_INT_CONVERSION = YES;
				CLANG_WARN_OBJC_ROOT_CLASS = YES_ERROR;
				CLANG_WARN_UNREACHABLE_CODE = YES;
				CLANG_WARN__DUPLICATE_METHOD_MATCH = YES;
				"CODE_SIGN_IDENTITY[sdk=iphoneos*]" = "iPhone Developer";
				COPY_PHASE_STRIP = NO;
				ENABLE_STRICT_OBJC_MSGSEND = YES;
				GCC_C_LANGUAGE_STANDARD = gnu99;
				GCC_DYNAMIC_NO_PIC = NO;
				GCC_OPTIMIZATION_LEVEL = 0;
				GCC_PREPROCESSOR_DEFINITIONS = (
					"DEBUG=1",
					"$(inherited)",
				);
				GCC_SYMBOLS_PRIVATE_EXTERN = NO;
				GCC_WARN_64_TO_32_BIT_CONVERSION = YES;
				GCC_WARN_ABOUT_RETURN_TYPE = YES_ERROR;
				GCC_WARN_UNDECLARED_SELECTOR = YES;
				GCC_WARN_UNINITIALIZED_AUTOS = YES_AGGRESSIVE;
				GCC_WARN_UNUSED_FUNCTION = YES;
				GCC_WARN_UNUSED_VARIABLE = YES;
				IPHONEOS_DEPLOYMENT_TARGET = 8.1;
				MTL_ENABLE_DEBUG_INFO = YES;
				ONLY_ACTIVE_ARCH = YES;
				SDKROOT = iphoneos;
				SWIFT_OPTIMIZATION_LEVEL = "-Onone";
				TARGETED_DEVICE_FAMILY = "1,2";
			};
			name = Debug;
		};
		F19706061AA21777004D80BD /* Release */ = {
			isa = XCBuildConfiguration;
			buildSettings = {
				ALWAYS_SEARCH_USER_PATHS = NO;
				CLANG_CXX_LANGUAGE_STANDARD = "gnu++0x";
				CLANG_CXX_LIBRARY = "libc++";
				CLANG_ENABLE_MODULES = YES;
				CLANG_ENABLE_OBJC_ARC = YES;
				CLANG_WARN_BOOL_CONVERSION = YES;
				CLANG_WARN_CONSTANT_CONVERSION = YES;
				CLANG_WARN_DIRECT_OBJC_ISA_USAGE = YES_ERROR;
				CLANG_WARN_EMPTY_BODY = YES;
				CLANG_WARN_ENUM_CONVERSION = YES;
				CLANG_WARN_INT_CONVERSION = YES;
				CLANG_WARN_OBJC_ROOT_CLASS = YES_ERROR;
				CLANG_WARN_UNREACHABLE_CODE = YES;
				CLANG_WARN__DUPLICATE_METHOD_MATCH = YES;
				"CODE_SIGN_IDENTITY[sdk=iphoneos*]" = "iPhone Developer";
				COPY_PHASE_STRIP = YES;
				ENABLE_NS_ASSERTIONS = NO;
				ENABLE_STRICT_OBJC_MSGSEND = YES;
				GCC_C_LANGUAGE_STANDARD = gnu99;
				GCC_WARN_64_TO_32_BIT_CONVERSION = YES;
				GCC_WARN_ABOUT_RETURN_TYPE = YES_ERROR;
				GCC_WARN_UNDECLARED_SELECTOR = YES;
				GCC_WARN_UNINITIALIZED_AUTOS = YES_AGGRESSIVE;
				GCC_WARN_UNUSED_FUNCTION = YES;
				GCC_WARN_UNUSED_VARIABLE = YES;
				IPHONEOS_DEPLOYMENT_TARGET = 8.1;
				MTL_ENABLE_DEBUG_INFO = NO;
				SDKROOT = iphoneos;
				TARGETED_DEVICE_FAMILY = "1,2";
				VALIDATE_PRODUCT = YES;
			};
			name = Release;
		};
		F19706081AA21777004D80BD /* Debug */ = {
			isa = XCBuildConfiguration;
			buildSettings = {
				ASSETCATALOG_COMPILER_APPICON_NAME = AppIcon;
				INFOPLIST_FILE = AppTiempo/Info.plist;
				LD_RUNPATH_SEARCH_PATHS = "$(inherited) @executable_path/Frameworks";
				PRODUCT_NAME = "$(TARGET_NAME)";
			};
			name = Debug;
		};
		F19706091AA21777004D80BD /* Release */ = {
			isa = XCBuildConfiguration;
			buildSettings = {
				ASSETCATALOG_COMPILER_APPICON_NAME = AppIcon;
				INFOPLIST_FILE = AppTiempo/Info.plist;
				LD_RUNPATH_SEARCH_PATHS = "$(inherited) @executable_path/Frameworks";
				PRODUCT_NAME = "$(TARGET_NAME)";
			};
			name = Release;
		};
		F197060B1AA21777004D80BD /* Debug */ = {
			isa = XCBuildConfiguration;
			buildSettings = {
				BUNDLE_LOADER = "$(TEST_HOST)";
				FRAMEWORK_SEARCH_PATHS = (
					"$(SDKROOT)/Developer/Library/Frameworks",
					"$(inherited)",
				);
				GCC_PREPROCESSOR_DEFINITIONS = (
					"DEBUG=1",
					"$(inherited)",
				);
				INFOPLIST_FILE = AppTiempoTests/Info.plist;
				LD_RUNPATH_SEARCH_PATHS = "$(inherited) @executable_path/Frameworks @loader_path/Frameworks";
				PRODUCT_NAME = "$(TARGET_NAME)";
				TEST_HOST = "$(BUILT_PRODUCTS_DIR)/AppTiempo.app/AppTiempo";
			};
			name = Debug;
		};
		F197060C1AA21777004D80BD /* Release */ = {
			isa = XCBuildConfiguration;
			buildSettings = {
				BUNDLE_LOADER = "$(TEST_HOST)";
				FRAMEWORK_SEARCH_PATHS = (
					"$(SDKROOT)/Developer/Library/Frameworks",
					"$(inherited)",
				);
				INFOPLIST_FILE = AppTiempoTests/Info.plist;
				LD_RUNPATH_SEARCH_PATHS = "$(inherited) @executable_path/Frameworks @loader_path/Frameworks";
				PRODUCT_NAME = "$(TARGET_NAME)";
				TEST_HOST = "$(BUILT_PRODUCTS_DIR)/AppTiempo.app/AppTiempo";
			};
			name = Release;
		};
/* End XCBuildConfiguration section */

/* Begin XCConfigurationList section */
		F19705E31AA21776004D80BD /* Build configuration list for PBXProject "AppTiempo" */ = {
			isa = XCConfigurationList;
			buildConfigurations = (
				F19706051AA21777004D80BD /* Debug */,
				F19706061AA21777004D80BD /* Release */,
			);
			defaultConfigurationIsVisible = 0;
			defaultConfigurationName = Release;
		};
		F19706071AA21777004D80BD /* Build configuration list for PBXNativeTarget "AppTiempo" */ = {
			isa = XCConfigurationList;
			buildConfigurations = (
				F19706081AA21777004D80BD /* Debug */,
				F19706091AA21777004D80BD /* Release */,
			);
			defaultConfigurationIsVisible = 0;
			defaultConfigurationName = Release;
		};
		F197060A1AA21777004D80BD /* Build configuration list for PBXNativeTarget "AppTiempoTests" */ = {
			isa = XCConfigurationList;
			buildConfigurations = (
				F197060B1AA21777004D80BD /* Debug */,
				F197060C1AA21777004D80BD /* Release */,
			);
			defaultConfigurationIsVisible = 0;
			defaultConfigurationName = Release;
		};
/* End XCConfigurationList section */
	};
	rootObject = F19705E01AA21776004D80BD /* Project object */;
}
